// !$*UTF8*$!
{
	archiveVersion = 1;
	classes = {
	};
	objectVersion = 50;
	objects = {

/* Begin PBXBuildFile section */
		D078C64A248A807F00A8CDDE /* AppDelegate.swift in Sources */ = {isa = PBXBuildFile; fileRef = D078C649248A807F00A8CDDE /* AppDelegate.swift */; };
		D078C64C248A807F00A8CDDE /* SceneDelegate.swift in Sources */ = {isa = PBXBuildFile; fileRef = D078C64B248A807F00A8CDDE /* SceneDelegate.swift */; };
		D078C64E248A807F00A8CDDE /* MainViewController.swift in Sources */ = {isa = PBXBuildFile; fileRef = D078C64D248A807F00A8CDDE /* MainViewController.swift */; };
		D078C651248A807F00A8CDDE /* Main.storyboard in Resources */ = {isa = PBXBuildFile; fileRef = D078C64F248A807F00A8CDDE /* Main.storyboard */; };
		D078C653248A808200A8CDDE /* Assets.xcassets in Resources */ = {isa = PBXBuildFile; fileRef = D078C652248A808200A8CDDE /* Assets.xcassets */; };
		D078C656248A808200A8CDDE /* LaunchScreen.storyboard in Resources */ = {isa = PBXBuildFile; fileRef = D078C654248A808200A8CDDE /* LaunchScreen.storyboard */; };
		D078C66C248A80BC00A8CDDE /* Headlines.swift in Sources */ = {isa = PBXBuildFile; fileRef = D078C66B248A80BC00A8CDDE /* Headlines.swift */; };
		D078C66E248A80C200A8CDDE /* NewsAPIClient.swift in Sources */ = {isa = PBXBuildFile; fileRef = D078C66D248A80C200A8CDDE /* NewsAPIClient.swift */; };
		D078C670248A81EC00A8CDDE /* NewsCollectionViewCell.swift in Sources */ = {isa = PBXBuildFile; fileRef = D078C66F248A81EC00A8CDDE /* NewsCollectionViewCell.swift */; };
		D078C672248A87CE00A8CDDE /* NewsLoader.swift in Sources */ = {isa = PBXBuildFile; fileRef = D078C671248A87CE00A8CDDE /* NewsLoader.swift */; };
		D078C676248A9CCD00A8CDDE /* URLSession+Extension.swift in Sources */ = {isa = PBXBuildFile; fileRef = D078C675248A9CCD00A8CDDE /* URLSession+Extension.swift */; };
		D078C678248AA84B00A8CDDE /* DetailViewController.swift in Sources */ = {isa = PBXBuildFile; fileRef = D078C677248AA84B00A8CDDE /* DetailViewController.swift */; };
		D078C67A248AB28A00A8CDDE /* WebViewController.swift in Sources */ = {isa = PBXBuildFile; fileRef = D078C679248AB28A00A8CDDE /* WebViewController.swift */; };
		D078C67D248AB36500A8CDDE /* WebKit.framework in Frameworks */ = {isa = PBXBuildFile; fileRef = D078C67C248AB36500A8CDDE /* WebKit.framework */; };
		D0883A2E248AFB9700AAC3F5 /* NewsLoaderTests.swift in Sources */ = {isa = PBXBuildFile; fileRef = D0883A2D248AFB9700AAC3F5 /* NewsLoaderTests.swift */; };
		D0883A30248AFC8700AAC3F5 /* MockAPIServiceClient.swift in Sources */ = {isa = PBXBuildFile; fileRef = D0883A2F248AFC8700AAC3F5 /* MockAPIServiceClient.swift */; };
		D0883A34248B04D500AAC3F5 /* HeadlineResponse.json in Resources */ = {isa = PBXBuildFile; fileRef = D0883A33248B04D500AAC3F5 /* HeadlineResponse.json */; };
		D0883A37248B1A6200AAC3F5 /* DetailViewControllerTests.swift in Sources */ = {isa = PBXBuildFile; fileRef = D0883A36248B1A6200AAC3F5 /* DetailViewControllerTests.swift */; };
		D0883A3B248B265D00AAC3F5 /* WebViewControllerTests.swift in Sources */ = {isa = PBXBuildFile; fileRef = D0883A3A248B265D00AAC3F5 /* WebViewControllerTests.swift */; };
		D0883A3D248B267A00AAC3F5 /* MainViewControllerTests.swift in Sources */ = {isa = PBXBuildFile; fileRef = D0883A3C248B267A00AAC3F5 /* MainViewControllerTests.swift */; };
		D0883A41248B2B8200AAC3F5 /* Constant.swift in Sources */ = {isa = PBXBuildFile; fileRef = D0883A40248B2B8200AAC3F5 /* Constant.swift */; };
/* End PBXBuildFile section */

/* Begin PBXContainerItemProxy section */
		D078C65D248A808200A8CDDE /* PBXContainerItemProxy */ = {
			isa = PBXContainerItemProxy;
			containerPortal = D078C63E248A807F00A8CDDE /* Project object */;
			proxyType = 1;
			remoteGlobalIDString = D078C645248A807F00A8CDDE;
			remoteInfo = NewsLists;
		};
/* End PBXContainerItemProxy section */

/* Begin PBXFileReference section */
		D078C646248A807F00A8CDDE /* NewsLists.app */ = {isa = PBXFileReference; explicitFileType = wrapper.application; includeInIndex = 0; path = NewsLists.app; sourceTree = BUILT_PRODUCTS_DIR; };
		D078C649248A807F00A8CDDE /* AppDelegate.swift */ = {isa = PBXFileReference; lastKnownFileType = sourcecode.swift; path = AppDelegate.swift; sourceTree = "<group>"; };
		D078C64B248A807F00A8CDDE /* SceneDelegate.swift */ = {isa = PBXFileReference; lastKnownFileType = sourcecode.swift; path = SceneDelegate.swift; sourceTree = "<group>"; };
		D078C64D248A807F00A8CDDE /* MainViewController.swift */ = {isa = PBXFileReference; lastKnownFileType = sourcecode.swift; path = MainViewController.swift; sourceTree = "<group>"; };
		D078C650248A807F00A8CDDE /* Base */ = {isa = PBXFileReference; lastKnownFileType = file.storyboard; name = Base; path = Base.lproj/Main.storyboard; sourceTree = "<group>"; };
		D078C652248A808200A8CDDE /* Assets.xcassets */ = {isa = PBXFileReference; lastKnownFileType = folder.assetcatalog; path = Assets.xcassets; sourceTree = "<group>"; };
		D078C655248A808200A8CDDE /* Base */ = {isa = PBXFileReference; lastKnownFileType = file.storyboard; name = Base; path = Base.lproj/LaunchScreen.storyboard; sourceTree = "<group>"; };
		D078C657248A808200A8CDDE /* Info.plist */ = {isa = PBXFileReference; lastKnownFileType = text.plist.xml; path = Info.plist; sourceTree = "<group>"; };
		D078C65C248A808200A8CDDE /* NewsListsTests.xctest */ = {isa = PBXFileReference; explicitFileType = wrapper.cfbundle; includeInIndex = 0; path = NewsListsTests.xctest; sourceTree = BUILT_PRODUCTS_DIR; };
		D078C662248A808200A8CDDE /* Info.plist */ = {isa = PBXFileReference; lastKnownFileType = text.plist.xml; path = Info.plist; sourceTree = "<group>"; };
		D078C66B248A80BC00A8CDDE /* Headlines.swift */ = {isa = PBXFileReference; fileEncoding = 4; lastKnownFileType = sourcecode.swift; path = Headlines.swift; sourceTree = "<group>"; };
		D078C66D248A80C200A8CDDE /* NewsAPIClient.swift */ = {isa = PBXFileReference; fileEncoding = 4; lastKnownFileType = sourcecode.swift; path = NewsAPIClient.swift; sourceTree = "<group>"; };
		D078C66F248A81EC00A8CDDE /* NewsCollectionViewCell.swift */ = {isa = PBXFileReference; lastKnownFileType = sourcecode.swift; path = NewsCollectionViewCell.swift; sourceTree = "<group>"; };
		D078C671248A87CE00A8CDDE /* NewsLoader.swift */ = {isa = PBXFileReference; lastKnownFileType = sourcecode.swift; path = NewsLoader.swift; sourceTree = "<group>"; };
		D078C675248A9CCD00A8CDDE /* URLSession+Extension.swift */ = {isa = PBXFileReference; lastKnownFileType = sourcecode.swift; path = "URLSession+Extension.swift"; sourceTree = "<group>"; };
		D078C677248AA84B00A8CDDE /* DetailViewController.swift */ = {isa = PBXFileReference; lastKnownFileType = sourcecode.swift; path = DetailViewController.swift; sourceTree = "<group>"; };
		D078C679248AB28A00A8CDDE /* WebViewController.swift */ = {isa = PBXFileReference; lastKnownFileType = sourcecode.swift; path = WebViewController.swift; sourceTree = "<group>"; };
		D078C67C248AB36500A8CDDE /* WebKit.framework */ = {isa = PBXFileReference; lastKnownFileType = wrapper.framework; name = WebKit.framework; path = System/Library/Frameworks/WebKit.framework; sourceTree = SDKROOT; };
		D0883A2D248AFB9700AAC3F5 /* NewsLoaderTests.swift */ = {isa = PBXFileReference; lastKnownFileType = sourcecode.swift; path = NewsLoaderTests.swift; sourceTree = "<group>"; };
		D0883A2F248AFC8700AAC3F5 /* MockAPIServiceClient.swift */ = {isa = PBXFileReference; lastKnownFileType = sourcecode.swift; path = MockAPIServiceClient.swift; sourceTree = "<group>"; };
		D0883A33248B04D500AAC3F5 /* HeadlineResponse.json */ = {isa = PBXFileReference; lastKnownFileType = text.json; path = HeadlineResponse.json; sourceTree = "<group>"; };
		D0883A36248B1A6200AAC3F5 /* DetailViewControllerTests.swift */ = {isa = PBXFileReference; lastKnownFileType = sourcecode.swift; path = DetailViewControllerTests.swift; sourceTree = "<group>"; };
		D0883A3A248B265D00AAC3F5 /* WebViewControllerTests.swift */ = {isa = PBXFileReference; lastKnownFileType = sourcecode.swift; path = WebViewControllerTests.swift; sourceTree = "<group>"; };
		D0883A3C248B267A00AAC3F5 /* MainViewControllerTests.swift */ = {isa = PBXFileReference; lastKnownFileType = sourcecode.swift; path = MainViewControllerTests.swift; sourceTree = "<group>"; };
		D0883A40248B2B8200AAC3F5 /* Constant.swift */ = {isa = PBXFileReference; lastKnownFileType = sourcecode.swift; path = Constant.swift; sourceTree = "<group>"; };
		D091F108248B748E00BE7882 /* README.md */ = {isa = PBXFileReference; lastKnownFileType = net.daringfireball.markdown; path = README.md; sourceTree = "<group>"; };
/* End PBXFileReference section */

/* Begin PBXFrameworksBuildPhase section */
		D078C643248A807F00A8CDDE /* Frameworks */ = {
			isa = PBXFrameworksBuildPhase;
			buildActionMask = 2147483647;
			files = (
				D078C67D248AB36500A8CDDE /* WebKit.framework in Frameworks */,
			);
			runOnlyForDeploymentPostprocessing = 0;
		};
		D078C659248A808200A8CDDE /* Frameworks */ = {
			isa = PBXFrameworksBuildPhase;
			buildActionMask = 2147483647;
			files = (
			);
			runOnlyForDeploymentPostprocessing = 0;
		};
/* End PBXFrameworksBuildPhase section */

/* Begin PBXGroup section */
		D078C63D248A807F00A8CDDE = {
			isa = PBXGroup;
			children = (
				D091F108248B748E00BE7882 /* README.md */,
				D078C648248A807F00A8CDDE /* NewsLists */,
				D078C65F248A808200A8CDDE /* NewsListsTests */,
				D078C647248A807F00A8CDDE /* Products */,
				D078C67B248AB36500A8CDDE /* Frameworks */,
			);
			sourceTree = "<group>";
		};
		D078C647248A807F00A8CDDE /* Products */ = {
			isa = PBXGroup;
			children = (
				D078C646248A807F00A8CDDE /* NewsLists.app */,
				D078C65C248A808200A8CDDE /* NewsListsTests.xctest */,
			);
			name = Products;
			sourceTree = "<group>";
		};
		D078C648248A807F00A8CDDE /* NewsLists */ = {
			isa = PBXGroup;
			children = (
				D078C649248A807F00A8CDDE /* AppDelegate.swift */,
				D078C64B248A807F00A8CDDE /* SceneDelegate.swift */,
				D0A0BA1D248AEB1400508CB6 /* Model */,
				D0A0BA1E248AEB1A00508CB6 /* Networking */,
				D0A0BA1C248AEB0E00508CB6 /* View */,
				D0883A2C248AEB5600AAC3F5 /* NewsLoader */,
				D0883A3F248B2B5700AAC3F5 /* Utility */,
				D078C64F248A807F00A8CDDE /* Main.storyboard */,
				D078C654248A808200A8CDDE /* LaunchScreen.storyboard */,
				D078C652248A808200A8CDDE /* Assets.xcassets */,
				D078C657248A808200A8CDDE /* Info.plist */,
			);
			path = NewsLists;
			sourceTree = "<group>";
		};
		D078C65F248A808200A8CDDE /* NewsListsTests */ = {
			isa = PBXGroup;
			children = (
				D0883A3E248B2A3B00AAC3F5 /* MockService */,
				D0883A35248B056200AAC3F5 /* Stub */,
				D0883A2D248AFB9700AAC3F5 /* NewsLoaderTests.swift */,
				D0883A36248B1A6200AAC3F5 /* DetailViewControllerTests.swift */,
				D0883A3A248B265D00AAC3F5 /* WebViewControllerTests.swift */,
				D0883A3C248B267A00AAC3F5 /* MainViewControllerTests.swift */,
				D078C662248A808200A8CDDE /* Info.plist */,
			);
			path = NewsListsTests;
			sourceTree = "<group>";
		};
		D078C67B248AB36500A8CDDE /* Frameworks */ = {
			isa = PBXGroup;
			children = (
				D078C67C248AB36500A8CDDE /* WebKit.framework */,
			);
			name = Frameworks;
			sourceTree = "<group>";
		};
		D0883A2C248AEB5600AAC3F5 /* NewsLoader */ = {
			isa = PBXGroup;
			children = (
				D078C671248A87CE00A8CDDE /* NewsLoader.swift */,
			);
			path = NewsLoader;
			sourceTree = "<group>";
		};
		D0883A35248B056200AAC3F5 /* Stub */ = {
			isa = PBXGroup;
			children = (
				D0883A33248B04D500AAC3F5 /* HeadlineResponse.json */,
			);
			path = Stub;
			sourceTree = "<group>";
		};
		D0883A3E248B2A3B00AAC3F5 /* MockService */ = {
			isa = PBXGroup;
			children = (
				D0883A2F248AFC8700AAC3F5 /* MockAPIServiceClient.swift */,
			);
			path = MockService;
			sourceTree = "<group>";
		};
		D0883A3F248B2B5700AAC3F5 /* Utility */ = {
			isa = PBXGroup;
			children = (
				D078C675248A9CCD00A8CDDE /* URLSession+Extension.swift */,
				D0883A40248B2B8200AAC3F5 /* Constant.swift */,
			);
			path = Utility;
			sourceTree = "<group>";
		};
		D0A0BA1C248AEB0E00508CB6 /* View */ = {
			isa = PBXGroup;
			children = (
				D078C64D248A807F00A8CDDE /* MainViewController.swift */,
				D078C66F248A81EC00A8CDDE /* NewsCollectionViewCell.swift */,
				D078C677248AA84B00A8CDDE /* DetailViewController.swift */,
				D078C679248AB28A00A8CDDE /* WebViewController.swift */,
			);
			path = View;
			sourceTree = "<group>";
		};
		D0A0BA1D248AEB1400508CB6 /* Model */ = {
			isa = PBXGroup;
			children = (
				D078C66B248A80BC00A8CDDE /* Headlines.swift */,
			);
			path = Model;
			sourceTree = "<group>";
		};
		D0A0BA1E248AEB1A00508CB6 /* Networking */ = {
			isa = PBXGroup;
			children = (
				D078C66D248A80C200A8CDDE /* NewsAPIClient.swift */,
			);
			path = Networking;
			sourceTree = "<group>";
		};
/* End PBXGroup section */

/* Begin PBXNativeTarget section */
		D078C645248A807F00A8CDDE /* NewsLists */ = {
			isa = PBXNativeTarget;
			buildConfigurationList = D078C665248A808200A8CDDE /* Build configuration list for PBXNativeTarget "NewsLists" */;
			buildPhases = (
				D078C642248A807F00A8CDDE /* Sources */,
				D078C643248A807F00A8CDDE /* Frameworks */,
				D078C644248A807F00A8CDDE /* Resources */,
			);
			buildRules = (
			);
			dependencies = (
			);
			name = NewsLists;
			productName = NewsLists;
			productReference = D078C646248A807F00A8CDDE /* NewsLists.app */;
			productType = "com.apple.product-type.application";
		};
		D078C65B248A808200A8CDDE /* NewsListsTests */ = {
			isa = PBXNativeTarget;
			buildConfigurationList = D078C668248A808200A8CDDE /* Build configuration list for PBXNativeTarget "NewsListsTests" */;
			buildPhases = (
				D078C658248A808200A8CDDE /* Sources */,
				D078C659248A808200A8CDDE /* Frameworks */,
				D078C65A248A808200A8CDDE /* Resources */,
			);
			buildRules = (
			);
			dependencies = (
				D078C65E248A808200A8CDDE /* PBXTargetDependency */,
			);
			name = NewsListsTests;
			productName = NewsListsTests;
			productReference = D078C65C248A808200A8CDDE /* NewsListsTests.xctest */;
			productType = "com.apple.product-type.bundle.unit-test";
		};
/* End PBXNativeTarget section */

/* Begin PBXProject section */
		D078C63E248A807F00A8CDDE /* Project object */ = {
			isa = PBXProject;
			attributes = {
				LastSwiftUpdateCheck = 1150;
				LastUpgradeCheck = 1150;
				ORGANIZATIONNAME = "Jie Liu";
				TargetAttributes = {
					D078C645248A807F00A8CDDE = {
						CreatedOnToolsVersion = 11.5;
					};
					D078C65B248A808200A8CDDE = {
						CreatedOnToolsVersion = 11.5;
						TestTargetID = D078C645248A807F00A8CDDE;
					};
				};
			};
			buildConfigurationList = D078C641248A807F00A8CDDE /* Build configuration list for PBXProject "NewsLists" */;
			compatibilityVersion = "Xcode 9.3";
			developmentRegion = en;
			hasScannedForEncodings = 0;
			knownRegions = (
				en,
				Base,
			);
			mainGroup = D078C63D248A807F00A8CDDE;
			productRefGroup = D078C647248A807F00A8CDDE /* Products */;
			projectDirPath = "";
			projectRoot = "";
			targets = (
				D078C645248A807F00A8CDDE /* NewsLists */,
				D078C65B248A808200A8CDDE /* NewsListsTests */,
			);
		};
/* End PBXProject section */

/* Begin PBXResourcesBuildPhase section */
		D078C644248A807F00A8CDDE /* Resources */ = {
			isa = PBXResourcesBuildPhase;
			buildActionMask = 2147483647;
			files = (
				D078C656248A808200A8CDDE /* LaunchScreen.storyboard in Resources */,
				D078C653248A808200A8CDDE /* Assets.xcassets in Resources */,
				D078C651248A807F00A8CDDE /* Main.storyboard in Resources */,
			);
			runOnlyForDeploymentPostprocessing = 0;
		};
		D078C65A248A808200A8CDDE /* Resources */ = {
			isa = PBXResourcesBuildPhase;
			buildActionMask = 2147483647;
			files = (
				D0883A34248B04D500AAC3F5 /* HeadlineResponse.json in Resources */,
			);
			runOnlyForDeploymentPostprocessing = 0;
		};
/* End PBXResourcesBuildPhase section */

/* Begin PBXSourcesBuildPhase section */
		D078C642248A807F00A8CDDE /* Sources */ = {
			isa = PBXSourcesBuildPhase;
			buildActionMask = 2147483647;
			files = (
				D078C66E248A80C200A8CDDE /* NewsAPIClient.swift in Sources */,
				D078C670248A81EC00A8CDDE /* NewsCollectionViewCell.swift in Sources */,
				D078C672248A87CE00A8CDDE /* NewsLoader.swift in Sources */,
				D078C67A248AB28A00A8CDDE /* WebViewController.swift in Sources */,
				D078C64E248A807F00A8CDDE /* MainViewController.swift in Sources */,
				D078C676248A9CCD00A8CDDE /* URLSession+Extension.swift in Sources */,
				D078C678248AA84B00A8CDDE /* DetailViewController.swift in Sources */,
				D078C64A248A807F00A8CDDE /* AppDelegate.swift in Sources */,
				D0883A41248B2B8200AAC3F5 /* Constant.swift in Sources */,
				D078C64C248A807F00A8CDDE /* SceneDelegate.swift in Sources */,
				D078C66C248A80BC00A8CDDE /* Headlines.swift in Sources */,
			);
			runOnlyForDeploymentPostprocessing = 0;
		};
		D078C658248A808200A8CDDE /* Sources */ = {
			isa = PBXSourcesBuildPhase;
			buildActionMask = 2147483647;
			files = (
				D0883A30248AFC8700AAC3F5 /* MockAPIServiceClient.swift in Sources */,
				D0883A2E248AFB9700AAC3F5 /* NewsLoaderTests.swift in Sources */,
				D0883A37248B1A6200AAC3F5 /* DetailViewControllerTests.swift in Sources */,
				D0883A3B248B265D00AAC3F5 /* WebViewControllerTests.swift in Sources */,
				D0883A3D248B267A00AAC3F5 /* MainViewControllerTests.swift in Sources */,
			);
			runOnlyForDeploymentPostprocessing = 0;
		};
/* End PBXSourcesBuildPhase section */

/* Begin PBXTargetDependency section */
		D078C65E248A808200A8CDDE /* PBXTargetDependency */ = {
			isa = PBXTargetDependency;
			target = D078C645248A807F00A8CDDE /* NewsLists */;
			targetProxy = D078C65D248A808200A8CDDE /* PBXContainerItemProxy */;
		};
/* End PBXTargetDependency section */

/* Begin PBXVariantGroup section */
		D078C64F248A807F00A8CDDE /* Main.storyboard */ = {
			isa = PBXVariantGroup;
			children = (
				D078C650248A807F00A8CDDE /* Base */,
			);
			name = Main.storyboard;
			sourceTree = "<group>";
		};
		D078C654248A808200A8CDDE /* LaunchScreen.storyboard */ = {
			isa = PBXVariantGroup;
			children = (
				D078C655248A808200A8CDDE /* Base */,
			);
			name = LaunchScreen.storyboard;
			sourceTree = "<group>";
		};
/* End PBXVariantGroup section */

/* Begin XCBuildConfiguration section */
		D078C663248A808200A8CDDE /* Debug */ = {
			isa = XCBuildConfiguration;
			buildSettings = {
				ALWAYS_SEARCH_USER_PATHS = NO;
				CLANG_ANALYZER_NONNULL = YES;
				CLANG_ANALYZER_NUMBER_OBJECT_CONVERSION = YES_AGGRESSIVE;
				CLANG_CXX_LANGUAGE_STANDARD = "gnu++14";
				CLANG_CXX_LIBRARY = "libc++";
				CLANG_ENABLE_MODULES = YES;
				CLANG_ENABLE_OBJC_ARC = YES;
				CLANG_ENABLE_OBJC_WEAK = YES;
				CLANG_WARN_BLOCK_CAPTURE_AUTORELEASING = YES;
				CLANG_WARN_BOOL_CONVERSION = YES;
				CLANG_WARN_COMMA = YES;
				CLANG_WARN_CONSTANT_CONVERSION = YES;
				CLANG_WARN_DEPRECATED_OBJC_IMPLEMENTATIONS = YES;
				CLANG_WARN_DIRECT_OBJC_ISA_USAGE = YES_ERROR;
				CLANG_WARN_DOCUMENTATION_COMMENTS = YES;
				CLANG_WARN_EMPTY_BODY = YES;
				CLANG_WARN_ENUM_CONVERSION = YES;
				CLANG_WARN_INFINITE_RECURSION = YES;
				CLANG_WARN_INT_CONVERSION = YES;
				CLANG_WARN_NON_LITERAL_NULL_CONVERSION = YES;
				CLANG_WARN_OBJC_IMPLICIT_RETAIN_SELF = YES;
				CLANG_WARN_OBJC_LITERAL_CONVERSION = YES;
				CLANG_WARN_OBJC_ROOT_CLASS = YES_ERROR;
				CLANG_WARN_RANGE_LOOP_ANALYSIS = YES;
				CLANG_WARN_STRICT_PROTOTYPES = YES;
				CLANG_WARN_SUSPICIOUS_MOVE = YES;
				CLANG_WARN_UNGUARDED_AVAILABILITY = YES_AGGRESSIVE;
				CLANG_WARN_UNREACHABLE_CODE = YES;
				CLANG_WARN__DUPLICATE_METHOD_MATCH = YES;
				COPY_PHASE_STRIP = NO;
				DEBUG_INFORMATION_FORMAT = dwarf;
				ENABLE_STRICT_OBJC_MSGSEND = YES;
				ENABLE_TESTABILITY = YES;
				GCC_C_LANGUAGE_STANDARD = gnu11;
				GCC_DYNAMIC_NO_PIC = NO;
				GCC_NO_COMMON_BLOCKS = YES;
				GCC_OPTIMIZATION_LEVEL = 0;
				GCC_PREPROCESSOR_DEFINITIONS = (
					"DEBUG=1",
					"$(inherited)",
				);
				GCC_WARN_64_TO_32_BIT_CONVERSION = YES;
				GCC_WARN_ABOUT_RETURN_TYPE = YES_ERROR;
				GCC_WARN_UNDECLARED_SELECTOR = YES;
				GCC_WARN_UNINITIALIZED_AUTOS = YES_AGGRESSIVE;
				GCC_WARN_UNUSED_FUNCTION = YES;
				GCC_WARN_UNUSED_VARIABLE = YES;
				IPHONEOS_DEPLOYMENT_TARGET = 13.5;
				MTL_ENABLE_DEBUG_INFO = INCLUDE_SOURCE;
				MTL_FAST_MATH = YES;
				ONLY_ACTIVE_ARCH = YES;
				SDKROOT = iphoneos;
				SWIFT_ACTIVE_COMPILATION_CONDITIONS = DEBUG;
				SWIFT_OPTIMIZATION_LEVEL = "-Onone";
			};
			name = Debug;
		};
		D078C664248A808200A8CDDE /* Release */ = {
			isa = XCBuildConfiguration;
			buildSettings = {
				ALWAYS_SEARCH_USER_PATHS = NO;
				CLANG_ANALYZER_NONNULL = YES;
				CLANG_ANALYZER_NUMBER_OBJECT_CONVERSION = YES_AGGRESSIVE;
				CLANG_CXX_LANGUAGE_STANDARD = "gnu++14";
				CLANG_CXX_LIBRARY = "libc++";
				CLANG_ENABLE_MODULES = YES;
				CLANG_ENABLE_OBJC_ARC = YES;
				CLANG_ENABLE_OBJC_WEAK = YES;
				CLANG_WARN_BLOCK_CAPTURE_AUTORELEASING = YES;
				CLANG_WARN_BOOL_CONVERSION = YES;
				CLANG_WARN_COMMA = YES;
				CLANG_WARN_CONSTANT_CONVERSION = YES;
				CLANG_WARN_DEPRECATED_OBJC_IMPLEMENTATIONS = YES;
				CLANG_WARN_DIRECT_OBJC_ISA_USAGE = YES_ERROR;
				CLANG_WARN_DOCUMENTATION_COMMENTS = YES;
				CLANG_WARN_EMPTY_BODY = YES;
				CLANG_WARN_ENUM_CONVERSION = YES;
				CLANG_WARN_INFINITE_RECURSION = YES;
				CLANG_WARN_INT_CONVERSION = YES;
				CLANG_WARN_NON_LITERAL_NULL_CONVERSION = YES;
				CLANG_WARN_OBJC_IMPLICIT_RETAIN_SELF = YES;
				CLANG_WARN_OBJC_LITERAL_CONVERSION = YES;
				CLANG_WARN_OBJC_ROOT_CLASS = YES_ERROR;
				CLANG_WARN_RANGE_LOOP_ANALYSIS = YES;
				CLANG_WARN_STRICT_PROTOTYPES = YES;
				CLANG_WARN_SUSPICIOUS_MOVE = YES;
				CLANG_WARN_UNGUARDED_AVAILABILITY = YES_AGGRESSIVE;
				CLANG_WARN_UNREACHABLE_CODE = YES;
				CLANG_WARN__DUPLICATE_METHOD_MATCH = YES;
				COPY_PHASE_STRIP = NO;
				DEBUG_INFORMATION_FORMAT = "dwarf-with-dsym";
				ENABLE_NS_ASSERTIONS = NO;
				ENABLE_STRICT_OBJC_MSGSEND = YES;
				GCC_C_LANGUAGE_STANDARD = gnu11;
				GCC_NO_COMMON_BLOCKS = YES;
				GCC_WARN_64_TO_32_BIT_CONVERSION = YES;
				GCC_WARN_ABOUT_RETURN_TYPE = YES_ERROR;
				GCC_WARN_UNDECLARED_SELECTOR = YES;
				GCC_WARN_UNINITIALIZED_AUTOS = YES_AGGRESSIVE;
				GCC_WARN_UNUSED_FUNCTION = YES;
				GCC_WARN_UNUSED_VARIABLE = YES;
				IPHONEOS_DEPLOYMENT_TARGET = 13.5;
				MTL_ENABLE_DEBUG_INFO = NO;
				MTL_FAST_MATH = YES;
				SDKROOT = iphoneos;
				SWIFT_COMPILATION_MODE = wholemodule;
				SWIFT_OPTIMIZATION_LEVEL = "-O";
				VALIDATE_PRODUCT = YES;
			};
			name = Release;
		};
		D078C666248A808200A8CDDE /* Debug */ = {
			isa = XCBuildConfiguration;
			buildSettings = {
				ASSETCATALOG_COMPILER_APPICON_NAME = AppIcon;
				CODE_SIGN_STYLE = Automatic;
				INFOPLIST_FILE = NewsLists/Info.plist;
				IPHONEOS_DEPLOYMENT_TARGET = 13.0;
				LD_RUNPATH_SEARCH_PATHS = (
					"$(inherited)",
					"@executable_path/Frameworks",
				);
				PRODUCT_BUNDLE_IDENTIFIER = com.JieLiu.NewsLists;
				PRODUCT_NAME = "$(TARGET_NAME)";
				SWIFT_VERSION = 5.0;
				TARGETED_DEVICE_FAMILY = "1,2";
			};
			name = Debug;
		};
		D078C667248A808200A8CDDE /* Release */ = {
			isa = XCBuildConfiguration;
			buildSettings = {
				ASSETCATALOG_COMPILER_APPICON_NAME = AppIcon;
				CODE_SIGN_STYLE = Automatic;
				INFOPLIST_FILE = NewsLists/Info.plist;
				IPHONEOS_DEPLOYMENT_TARGET = 13.0;
				LD_RUNPATH_SEARCH_PATHS = (
					"$(inherited)",
					"@executable_path/Frameworks",
				);
				PRODUCT_BUNDLE_IDENTIFIER = com.JieLiu.NewsLists;
				PRODUCT_NAME = "$(TARGET_NAME)";
				SWIFT_VERSION = 5.0;
				TARGETED_DEVICE_FAMILY = "1,2";
			};
			name = Release;
		};
		D078C669248A808200A8CDDE /* Debug */ = {
			isa = XCBuildConfiguration;
			buildSettings = {
				ALWAYS_EMBED_SWIFT_STANDARD_LIBRARIES = YES;
				BUNDLE_LOADER = "$(TEST_HOST)";
				CODE_SIGN_STYLE = Automatic;
				INFOPLIST_FILE = NewsListsTests/Info.plist;
				IPHONEOS_DEPLOYMENT_TARGET = 13.5;
				LD_RUNPATH_SEARCH_PATHS = (
					"$(inherited)",
					"@executable_path/Frameworks",
					"@loader_path/Frameworks",
				);
				PRODUCT_BUNDLE_IDENTIFIER = com.JieLiu.NewsListsTests;
				PRODUCT_NAME = "$(TARGET_NAME)";
				SWIFT_VERSION = 5.0;
				TARGETED_DEVICE_FAMILY = "1,2";
				TEST_HOST = "$(BUILT_PRODUCTS_DIR)/NewsLists.app/NewsLists";
			};
			name = Debug;
		};
		D078C66A248A808200A8CDDE /* Release */ = {
			isa = XCBuildConfiguration;
			buildSettings = {
				ALWAYS_EMBED_SWIFT_STANDARD_LIBRARIES = YES;
				BUNDLE_LOADER = "$(TEST_HOST)";
				CODE_SIGN_STYLE = Automatic;
				INFOPLIST_FILE = NewsListsTests/Info.plist;
				IPHONEOS_DEPLOYMENT_TARGET = 13.5;
				LD_RUNPATH_SEARCH_PATHS = (
					"$(inherited)",
					"@executable_path/Frameworks",
					"@loader_path/Frameworks",
				);
				PRODUCT_BUNDLE_IDENTIFIER = com.JieLiu.NewsListsTests;
				PRODUCT_NAME = "$(TARGET_NAME)";
				SWIFT_VERSION = 5.0;
				TARGETED_DEVICE_FAMILY = "1,2";
				TEST_HOST = "$(BUILT_PRODUCTS_DIR)/NewsLists.app/NewsLists";
			};
			name = Release;
		};
/* End XCBuildConfiguration section */

/* Begin XCConfigurationList section */
		D078C641248A807F00A8CDDE /* Build configuration list for PBXProject "NewsLists" */ = {
			isa = XCConfigurationList;
			buildConfigurations = (
				D078C663248A808200A8CDDE /* Debug */,
				D078C664248A808200A8CDDE /* Release */,
			);
			defaultConfigurationIsVisible = 0;
			defaultConfigurationName = Release;
		};
		D078C665248A808200A8CDDE /* Build configuration list for PBXNativeTarget "NewsLists" */ = {
			isa = XCConfigurationList;
			buildConfigurations = (
				D078C666248A808200A8CDDE /* Debug */,
				D078C667248A808200A8CDDE /* Release */,
			);
			defaultConfigurationIsVisible = 0;
			defaultConfigurationName = Release;
		};
		D078C668248A808200A8CDDE /* Build configuration list for PBXNativeTarget "NewsListsTests" */ = {
			isa = XCConfigurationList;
			buildConfigurations = (
				D078C669248A808200A8CDDE /* Debug */,
				D078C66A248A808200A8CDDE /* Release */,
			);
			defaultConfigurationIsVisible = 0;
			defaultConfigurationName = Release;
		};
/* End XCConfigurationList section */
	};
	rootObject = D078C63E248A807F00A8CDDE /* Project object */;
}
